// !$*UTF8*$!
{
	archiveVersion = 1;
	classes = {
	};
	objectVersion = 56;
	objects = {

/* Begin PBXBuildFile section */
		6B469E6E29A70E3600FDDE4D /* AppDelegate.swift in Sources */ = {isa = PBXBuildFile; fileRef = 6B469E6D29A70E3600FDDE4D /* AppDelegate.swift */; };
		6B469E7029A70E3600FDDE4D /* SceneDelegate.swift in Sources */ = {isa = PBXBuildFile; fileRef = 6B469E6F29A70E3600FDDE4D /* SceneDelegate.swift */; };
		6B469E7229A70E3600FDDE4D /* ViewController.swift in Sources */ = {isa = PBXBuildFile; fileRef = 6B469E7129A70E3600FDDE4D /* ViewController.swift */; };
		6B469E7529A70E3600FDDE4D /* Main.storyboard in Resources */ = {isa = PBXBuildFile; fileRef = 6B469E7329A70E3600FDDE4D /* Main.storyboard */; };
		6B469E7729A70E3F00FDDE4D /* Assets.xcassets in Resources */ = {isa = PBXBuildFile; fileRef = 6B469E7629A70E3F00FDDE4D /* Assets.xcassets */; };
		6B469E7A29A70E3F00FDDE4D /* LaunchScreen.storyboard in Resources */ = {isa = PBXBuildFile; fileRef = 6B469E7829A70E3F00FDDE4D /* LaunchScreen.storyboard */; };
		6B469E8529A70E3F00FDDE4D /* ChatBotTests.swift in Sources */ = {isa = PBXBuildFile; fileRef = 6B469E8429A70E3F00FDDE4D /* ChatBotTests.swift */; };
		6B469E8F29A70E3F00FDDE4D /* ChatBotUITests.swift in Sources */ = {isa = PBXBuildFile; fileRef = 6B469E8E29A70E3F00FDDE4D /* ChatBotUITests.swift */; };
		6B469E9129A70E3F00FDDE4D /* ChatBotUITestsLaunchTests.swift in Sources */ = {isa = PBXBuildFile; fileRef = 6B469E9029A70E3F00FDDE4D /* ChatBotUITestsLaunchTests.swift */; };
		6B469E9F29A70F5600FDDE4D /* OpenAISwift in Frameworks */ = {isa = PBXBuildFile; productRef = 6B469E9E29A70F5600FDDE4D /* OpenAISwift */; };
		6B469EA129A70FFF00FDDE4D /* APIManager.swift in Sources */ = {isa = PBXBuildFile; fileRef = 6B469EA029A70FFF00FDDE4D /* APIManager.swift */; };
/* End PBXBuildFile section */

/* Begin PBXContainerItemProxy section */
		6B469E8129A70E3F00FDDE4D /* PBXContainerItemProxy */ = {
			isa = PBXContainerItemProxy;
			containerPortal = 6B469E6229A70E3600FDDE4D /* Project object */;
			proxyType = 1;
			remoteGlobalIDString = 6B469E6929A70E3600FDDE4D;
			remoteInfo = ChatBot;
		};
		6B469E8B29A70E3F00FDDE4D /* PBXContainerItemProxy */ = {
			isa = PBXContainerItemProxy;
			containerPortal = 6B469E6229A70E3600FDDE4D /* Project object */;
			proxyType = 1;
			remoteGlobalIDString = 6B469E6929A70E3600FDDE4D;
			remoteInfo = ChatBot;
		};
/* End PBXContainerItemProxy section */

/* Begin PBXFileReference section */
		6B1C2AD429A71EA9000F84A9 /* APIKey.xcconfig */ = {isa = PBXFileReference; lastKnownFileType = text.xcconfig; path = APIKey.xcconfig; sourceTree = "<group>"; };
		6B469E6A29A70E3600FDDE4D /* ChatBot.app */ = {isa = PBXFileReference; explicitFileType = wrapper.application; includeInIndex = 0; path = ChatBot.app; sourceTree = BUILT_PRODUCTS_DIR; };
		6B469E6D29A70E3600FDDE4D /* AppDelegate.swift */ = {isa = PBXFileReference; lastKnownFileType = sourcecode.swift; path = AppDelegate.swift; sourceTree = "<group>"; };
		6B469E6F29A70E3600FDDE4D /* SceneDelegate.swift */ = {isa = PBXFileReference; lastKnownFileType = sourcecode.swift; path = SceneDelegate.swift; sourceTree = "<group>"; };
		6B469E7129A70E3600FDDE4D /* ViewController.swift */ = {isa = PBXFileReference; lastKnownFileType = sourcecode.swift; path = ViewController.swift; sourceTree = "<group>"; };
		6B469E7429A70E3600FDDE4D /* Base */ = {isa = PBXFileReference; lastKnownFileType = file.storyboard; name = Base; path = Base.lproj/Main.storyboard; sourceTree = "<group>"; };
		6B469E7629A70E3F00FDDE4D /* Assets.xcassets */ = {isa = PBXFileReference; lastKnownFileType = folder.assetcatalog; path = Assets.xcassets; sourceTree = "<group>"; };
		6B469E7929A70E3F00FDDE4D /* Base */ = {isa = PBXFileReference; lastKnownFileType = file.storyboard; name = Base; path = Base.lproj/LaunchScreen.storyboard; sourceTree = "<group>"; };
		6B469E7B29A70E3F00FDDE4D /* Info.plist */ = {isa = PBXFileReference; lastKnownFileType = text.plist.xml; path = Info.plist; sourceTree = "<group>"; };
		6B469E8029A70E3F00FDDE4D /* ChatBotTests.xctest */ = {isa = PBXFileReference; explicitFileType = wrapper.cfbundle; includeInIndex = 0; path = ChatBotTests.xctest; sourceTree = BUILT_PRODUCTS_DIR; };
		6B469E8429A70E3F00FDDE4D /* ChatBotTests.swift */ = {isa = PBXFileReference; lastKnownFileType = sourcecode.swift; path = ChatBotTests.swift; sourceTree = "<group>"; };
		6B469E8A29A70E3F00FDDE4D /* ChatBotUITests.xctest */ = {isa = PBXFileReference; explicitFileType = wrapper.cfbundle; includeInIndex = 0; path = ChatBotUITests.xctest; sourceTree = BUILT_PRODUCTS_DIR; };
		6B469E8E29A70E3F00FDDE4D /* ChatBotUITests.swift */ = {isa = PBXFileReference; lastKnownFileType = sourcecode.swift; path = ChatBotUITests.swift; sourceTree = "<group>"; };
		6B469E9029A70E3F00FDDE4D /* ChatBotUITestsLaunchTests.swift */ = {isa = PBXFileReference; lastKnownFileType = sourcecode.swift; path = ChatBotUITestsLaunchTests.swift; sourceTree = "<group>"; };
		6B469EA029A70FFF00FDDE4D /* APIManager.swift */ = {isa = PBXFileReference; lastKnownFileType = sourcecode.swift; path = APIManager.swift; sourceTree = "<group>"; };
/* End PBXFileReference section */

/* Begin PBXFrameworksBuildPhase section */
		6B469E6729A70E3600FDDE4D /* Frameworks */ = {
			isa = PBXFrameworksBuildPhase;
			buildActionMask = 2147483647;
			files = (
				6B469E9F29A70F5600FDDE4D /* OpenAISwift in Frameworks */,
			);
			runOnlyForDeploymentPostprocessing = 0;
		};
		6B469E7D29A70E3F00FDDE4D /* Frameworks */ = {
			isa = PBXFrameworksBuildPhase;
			buildActionMask = 2147483647;
			files = (
			);
			runOnlyForDeploymentPostprocessing = 0;
		};
		6B469E8729A70E3F00FDDE4D /* Frameworks */ = {
			isa = PBXFrameworksBuildPhase;
			buildActionMask = 2147483647;
			files = (
			);
			runOnlyForDeploymentPostprocessing = 0;
		};
/* End PBXFrameworksBuildPhase section */

/* Begin PBXGroup section */
		6B469E6129A70E3600FDDE4D = {
			isa = PBXGroup;
			children = (
				6B469E6C29A70E3600FDDE4D /* ChatBot */,
				6B469E8329A70E3F00FDDE4D /* ChatBotTests */,
				6B469E8D29A70E3F00FDDE4D /* ChatBotUITests */,
				6B469E6B29A70E3600FDDE4D /* Products */,
			);
			sourceTree = "<group>";
		};
		6B469E6B29A70E3600FDDE4D /* Products */ = {
			isa = PBXGroup;
			children = (
				6B469E6A29A70E3600FDDE4D /* ChatBot.app */,
				6B469E8029A70E3F00FDDE4D /* ChatBotTests.xctest */,
				6B469E8A29A70E3F00FDDE4D /* ChatBotUITests.xctest */,
			);
			name = Products;
			sourceTree = "<group>";
		};
		6B469E6C29A70E3600FDDE4D /* ChatBot */ = {
			isa = PBXGroup;
			children = (
				6B469E6D29A70E3600FDDE4D /* AppDelegate.swift */,
				6B469E6F29A70E3600FDDE4D /* SceneDelegate.swift */,
				6B469E7129A70E3600FDDE4D /* ViewController.swift */,
				6B469EA029A70FFF00FDDE4D /* APIManager.swift */,
				6B469E7329A70E3600FDDE4D /* Main.storyboard */,
				6B469E7629A70E3F00FDDE4D /* Assets.xcassets */,
				6B469E7829A70E3F00FDDE4D /* LaunchScreen.storyboard */,
				6B469E7B29A70E3F00FDDE4D /* Info.plist */,
				6B1C2AD429A71EA9000F84A9 /* APIKey.xcconfig */,
			);
			path = ChatBot;
			sourceTree = "<group>";
		};
		6B469E8329A70E3F00FDDE4D /* ChatBotTests */ = {
			isa = PBXGroup;
			children = (
				6B469E8429A70E3F00FDDE4D /* ChatBotTests.swift */,
			);
			path = ChatBotTests;
			sourceTree = "<group>";
		};
		6B469E8D29A70E3F00FDDE4D /* ChatBotUITests */ = {
			isa = PBXGroup;
			children = (
				6B469E8E29A70E3F00FDDE4D /* ChatBotUITests.swift */,
				6B469E9029A70E3F00FDDE4D /* ChatBotUITestsLaunchTests.swift */,
			);
			path = ChatBotUITests;
			sourceTree = "<group>";
		};
/* End PBXGroup section */

/* Begin PBXNativeTarget section */
		6B469E6929A70E3600FDDE4D /* ChatBot */ = {
			isa = PBXNativeTarget;
			buildConfigurationList = 6B469E9429A70E3F00FDDE4D /* Build configuration list for PBXNativeTarget "ChatBot" */;
			buildPhases = (
				6B469E6629A70E3600FDDE4D /* Sources */,
				6B469E6729A70E3600FDDE4D /* Frameworks */,
				6B469E6829A70E3600FDDE4D /* Resources */,
			);
			buildRules = (
			);
			dependencies = (
			);
			name = ChatBot;
			packageProductDependencies = (
				6B469E9E29A70F5600FDDE4D /* OpenAISwift */,
			);
			productName = ChatBot;
			productReference = 6B469E6A29A70E3600FDDE4D /* ChatBot.app */;
			productType = "com.apple.product-type.application";
		};
		6B469E7F29A70E3F00FDDE4D /* ChatBotTests */ = {
			isa = PBXNativeTarget;
			buildConfigurationList = 6B469E9729A70E3F00FDDE4D /* Build configuration list for PBXNativeTarget "ChatBotTests" */;
			buildPhases = (
				6B469E7C29A70E3F00FDDE4D /* Sources */,
				6B469E7D29A70E3F00FDDE4D /* Frameworks */,
				6B469E7E29A70E3F00FDDE4D /* Resources */,
			);
			buildRules = (
			);
			dependencies = (
				6B469E8229A70E3F00FDDE4D /* PBXTargetDependency */,
			);
			name = ChatBotTests;
			productName = ChatBotTests;
			productReference = 6B469E8029A70E3F00FDDE4D /* ChatBotTests.xctest */;
			productType = "com.apple.product-type.bundle.unit-test";
		};
		6B469E8929A70E3F00FDDE4D /* ChatBotUITests */ = {
			isa = PBXNativeTarget;
			buildConfigurationList = 6B469E9A29A70E3F00FDDE4D /* Build configuration list for PBXNativeTarget "ChatBotUITests" */;
			buildPhases = (
				6B469E8629A70E3F00FDDE4D /* Sources */,
				6B469E8729A70E3F00FDDE4D /* Frameworks */,
				6B469E8829A70E3F00FDDE4D /* Resources */,
			);
			buildRules = (
			);
			dependencies = (
				6B469E8C29A70E3F00FDDE4D /* PBXTargetDependency */,
			);
			name = ChatBotUITests;
			productName = ChatBotUITests;
			productReference = 6B469E8A29A70E3F00FDDE4D /* ChatBotUITests.xctest */;
			productType = "com.apple.product-type.bundle.ui-testing";
		};
/* End PBXNativeTarget section */

/* Begin PBXProject section */
		6B469E6229A70E3600FDDE4D /* Project object */ = {
			isa = PBXProject;
			attributes = {
				BuildIndependentTargetsInParallel = 1;
				LastSwiftUpdateCheck = 1420;
				LastUpgradeCheck = 1420;
				TargetAttributes = {
					6B469E6929A70E3600FDDE4D = {
						CreatedOnToolsVersion = 14.2;
					};
					6B469E7F29A70E3F00FDDE4D = {
						CreatedOnToolsVersion = 14.2;
						TestTargetID = 6B469E6929A70E3600FDDE4D;
					};
					6B469E8929A70E3F00FDDE4D = {
						CreatedOnToolsVersion = 14.2;
						TestTargetID = 6B469E6929A70E3600FDDE4D;
					};
				};
			};
			buildConfigurationList = 6B469E6529A70E3600FDDE4D /* Build configuration list for PBXProject "ChatBot" */;
			compatibilityVersion = "Xcode 14.0";
			developmentRegion = en;
			hasScannedForEncodings = 0;
			knownRegions = (
				en,
				Base,
			);
			mainGroup = 6B469E6129A70E3600FDDE4D;
			packageReferences = (
				6B469E9D29A70F5600FDDE4D /* XCRemoteSwiftPackageReference "OpenAISwift" */,
			);
			productRefGroup = 6B469E6B29A70E3600FDDE4D /* Products */;
			projectDirPath = "";
			projectRoot = "";
			targets = (
				6B469E6929A70E3600FDDE4D /* ChatBot */,
				6B469E7F29A70E3F00FDDE4D /* ChatBotTests */,
				6B469E8929A70E3F00FDDE4D /* ChatBotUITests */,
			);
		};
/* End PBXProject section */

/* Begin PBXResourcesBuildPhase section */
		6B469E6829A70E3600FDDE4D /* Resources */ = {
			isa = PBXResourcesBuildPhase;
			buildActionMask = 2147483647;
			files = (
				6B469E7A29A70E3F00FDDE4D /* LaunchScreen.storyboard in Resources */,
				6B469E7729A70E3F00FDDE4D /* Assets.xcassets in Resources */,
				6B469E7529A70E3600FDDE4D /* Main.storyboard in Resources */,
			);
			runOnlyForDeploymentPostprocessing = 0;
		};
		6B469E7E29A70E3F00FDDE4D /* Resources */ = {
			isa = PBXResourcesBuildPhase;
			buildActionMask = 2147483647;
			files = (
			);
			runOnlyForDeploymentPostprocessing = 0;
		};
		6B469E8829A70E3F00FDDE4D /* Resources */ = {
			isa = PBXResourcesBuildPhase;
			buildActionMask = 2147483647;
			files = (
			);
			runOnlyForDeploymentPostprocessing = 0;
		};
/* End PBXResourcesBuildPhase section */

/* Begin PBXSourcesBuildPhase section */
		6B469E6629A70E3600FDDE4D /* Sources */ = {
			isa = PBXSourcesBuildPhase;
			buildActionMask = 2147483647;
			files = (
				6B469EA129A70FFF00FDDE4D /* APIManager.swift in Sources */,
				6B469E7229A70E3600FDDE4D /* ViewController.swift in Sources */,
				6B469E6E29A70E3600FDDE4D /* AppDelegate.swift in Sources */,
				6B469E7029A70E3600FDDE4D /* SceneDelegate.swift in Sources */,
			);
			runOnlyForDeploymentPostprocessing = 0;
		};
		6B469E7C29A70E3F00FDDE4D /* Sources */ = {
			isa = PBXSourcesBuildPhase;
			buildActionMask = 2147483647;
			files = (
				6B469E8529A70E3F00FDDE4D /* ChatBotTests.swift in Sources */,
			);
			runOnlyForDeploymentPostprocessing = 0;
		};
		6B469E8629A70E3F00FDDE4D /* Sources */ = {
			isa = PBXSourcesBuildPhase;
			buildActionMask = 2147483647;
			files = (
				6B469E9129A70E3F00FDDE4D /* ChatBotUITestsLaunchTests.swift in Sources */,
				6B469E8F29A70E3F00FDDE4D /* ChatBotUITests.swift in Sources */,
			);
			runOnlyForDeploymentPostprocessing = 0;
		};
/* End PBXSourcesBuildPhase section */

/* Begin PBXTargetDependency section */
		6B469E8229A70E3F00FDDE4D /* PBXTargetDependency */ = {
			isa = PBXTargetDependency;
			target = 6B469E6929A70E3600FDDE4D /* ChatBot */;
			targetProxy = 6B469E8129A70E3F00FDDE4D /* PBXContainerItemProxy */;
		};
		6B469E8C29A70E3F00FDDE4D /* PBXTargetDependency */ = {
			isa = PBXTargetDependency;
			target = 6B469E6929A70E3600FDDE4D /* ChatBot */;
			targetProxy = 6B469E8B29A70E3F00FDDE4D /* PBXContainerItemProxy */;
		};
/* End PBXTargetDependency section */

/* Begin PBXVariantGroup section */
		6B469E7329A70E3600FDDE4D /* Main.storyboard */ = {
			isa = PBXVariantGroup;
			children = (
				6B469E7429A70E3600FDDE4D /* Base */,
			);
			name = Main.storyboard;
			sourceTree = "<group>";
		};
		6B469E7829A70E3F00FDDE4D /* LaunchScreen.storyboard */ = {
			isa = PBXVariantGroup;
			children = (
				6B469E7929A70E3F00FDDE4D /* Base */,
			);
			name = LaunchScreen.storyboard;
			sourceTree = "<group>";
		};
/* End PBXVariantGroup section */

/* Begin XCBuildConfiguration section */
		6B469E9229A70E3F00FDDE4D /* Debug */ = {
			isa = XCBuildConfiguration;
			baseConfigurationReference = 6B1C2AD429A71EA9000F84A9 /* APIKey.xcconfig */;
			buildSettings = {
				ALWAYS_SEARCH_USER_PATHS = NO;
				CLANG_ANALYZER_NONNULL = YES;
				CLANG_ANALYZER_NUMBER_OBJECT_CONVERSION = YES_AGGRESSIVE;
				CLANG_CXX_LANGUAGE_STANDARD = "gnu++20";
				CLANG_ENABLE_MODULES = YES;
				CLANG_ENABLE_OBJC_ARC = YES;
				CLANG_ENABLE_OBJC_WEAK = YES;
				CLANG_WARN_BLOCK_CAPTURE_AUTORELEASING = YES;
				CLANG_WARN_BOOL_CONVERSION = YES;
				CLANG_WARN_COMMA = YES;
				CLANG_WARN_CONSTANT_CONVERSION = YES;
				CLANG_WARN_DEPRECATED_OBJC_IMPLEMENTATIONS = YES;
				CLANG_WARN_DIRECT_OBJC_ISA_USAGE = YES_ERROR;
				CLANG_WARN_DOCUMENTATION_COMMENTS = YES;
				CLANG_WARN_EMPTY_BODY = YES;
				CLANG_WARN_ENUM_CONVERSION = YES;
				CLANG_WARN_INFINITE_RECURSION = YES;
				CLANG_WARN_INT_CONVERSION = YES;
				CLANG_WARN_NON_LITERAL_NULL_CONVERSION = YES;
				CLANG_WARN_OBJC_IMPLICIT_RETAIN_SELF = YES;
				CLANG_WARN_OBJC_LITERAL_CONVERSION = YES;
				CLANG_WARN_OBJC_ROOT_CLASS = YES_ERROR;
				CLANG_WARN_QUOTED_INCLUDE_IN_FRAMEWORK_HEADER = YES;
				CLANG_WARN_RANGE_LOOP_ANALYSIS = YES;
				CLANG_WARN_STRICT_PROTOTYPES = YES;
				CLANG_WARN_SUSPICIOUS_MOVE = YES;
				CLANG_WARN_UNGUARDED_AVAILABILITY = YES_AGGRESSIVE;
				CLANG_WARN_UNREACHABLE_CODE = YES;
				CLANG_WARN__DUPLICATE_METHOD_MATCH = YES;
				COPY_PHASE_STRIP = NO;
				DEBUG_INFORMATION_FORMAT = dwarf;
				ENABLE_STRICT_OBJC_MSGSEND = YES;
				ENABLE_TESTABILITY = YES;
				GCC_C_LANGUAGE_STANDARD = gnu11;
				GCC_DYNAMIC_NO_PIC = NO;
				GCC_NO_COMMON_BLOCKS = YES;
				GCC_OPTIMIZATION_LEVEL = 0;
				GCC_PREPROCESSOR_DEFINITIONS = (
					"DEBUG=1",
					"$(inherited)",
				);
				GCC_WARN_64_TO_32_BIT_CONVERSION = YES;
				GCC_WARN_ABOUT_RETURN_TYPE = YES_ERROR;
				GCC_WARN_UNDECLARED_SELECTOR = YES;
				GCC_WARN_UNINITIALIZED_AUTOS = YES_AGGRESSIVE;
				GCC_WARN_UNUSED_FUNCTION = YES;
				GCC_WARN_UNUSED_VARIABLE = YES;
				IPHONEOS_DEPLOYMENT_TARGET = 16.2;
				MTL_ENABLE_DEBUG_INFO = INCLUDE_SOURCE;
				MTL_FAST_MATH = YES;
				ONLY_ACTIVE_ARCH = YES;
				SDKROOT = iphoneos;
				SWIFT_ACTIVE_COMPILATION_CONDITIONS = DEBUG;
				SWIFT_OPTIMIZATION_LEVEL = "-Onone";
			};
			name = Debug;
		};
		6B469E9329A70E3F00FDDE4D /* Release */ = {
			isa = XCBuildConfiguration;
			buildSettings = {
				ALWAYS_SEARCH_USER_PATHS = NO;
				CLANG_ANALYZER_NONNULL = YES;
				CLANG_ANALYZER_NUMBER_OBJECT_CONVERSION = YES_AGGRESSIVE;
				CLANG_CXX_LANGUAGE_STANDARD = "gnu++20";
				CLANG_ENABLE_MODULES = YES;
				CLANG_ENABLE_OBJC_ARC = YES;
				CLANG_ENABLE_OBJC_WEAK = YES;
				CLANG_WARN_BLOCK_CAPTURE_AUTORELEASING = YES;
				CLANG_WARN_BOOL_CONVERSION = YES;
				CLANG_WARN_COMMA = YES;
				CLANG_WARN_CONSTANT_CONVERSION = YES;
				CLANG_WARN_DEPRECATED_OBJC_IMPLEMENTATIONS = YES;
				CLANG_WARN_DIRECT_OBJC_ISA_USAGE = YES_ERROR;
				CLANG_WARN_DOCUMENTATION_COMMENTS = YES;
				CLANG_WARN_EMPTY_BODY = YES;
				CLANG_WARN_ENUM_CONVERSION = YES;
				CLANG_WARN_INFINITE_RECURSION = YES;
				CLANG_WARN_INT_CONVERSION = YES;
				CLANG_WARN_NON_LITERAL_NULL_CONVERSION = YES;
				CLANG_WARN_OBJC_IMPLICIT_RETAIN_SELF = YES;
				CLANG_WARN_OBJC_LITERAL_CONVERSION = YES;
				CLANG_WARN_OBJC_ROOT_CLASS = YES_ERROR;
				CLANG_WARN_QUOTED_INCLUDE_IN_FRAMEWORK_HEADER = YES;
				CLANG_WARN_RANGE_LOOP_ANALYSIS = YES;
				CLANG_WARN_STRICT_PROTOTYPES = YES;
				CLANG_WARN_SUSPICIOUS_MOVE = YES;
				CLANG_WARN_UNGUARDED_AVAILABILITY = YES_AGGRESSIVE;
				CLANG_WARN_UNREACHABLE_CODE = YES;
				CLANG_WARN__DUPLICATE_METHOD_MATCH = YES;
				COPY_PHASE_STRIP = NO;
				DEBUG_INFORMATION_FORMAT = "dwarf-with-dsym";
				ENABLE_NS_ASSERTIONS = NO;
				ENABLE_STRICT_OBJC_MSGSEND = YES;
				GCC_C_LANGUAGE_STANDARD = gnu11;
				GCC_NO_COMMON_BLOCKS = YES;
				GCC_WARN_64_TO_32_BIT_CONVERSION = YES;
				GCC_WARN_ABOUT_RETURN_TYPE = YES_ERROR;
				GCC_WARN_UNDECLARED_SELECTOR = YES;
				GCC_WARN_UNINITIALIZED_AUTOS = YES_AGGRESSIVE;
				GCC_WARN_UNUSED_FUNCTION = YES;
				GCC_WARN_UNUSED_VARIABLE = YES;
				IPHONEOS_DEPLOYMENT_TARGET = 16.2;
				MTL_ENABLE_DEBUG_INFO = NO;
				MTL_FAST_MATH = YES;
				SDKROOT = iphoneos;
				SWIFT_COMPILATION_MODE = wholemodule;
				SWIFT_OPTIMIZATION_LEVEL = "-O";
				VALIDATE_PRODUCT = YES;
			};
			name = Release;
		};
		6B469E9529A70E3F00FDDE4D /* Debug */ = {
			isa = XCBuildConfiguration;
			buildSettings = {
				ASSETCATALOG_COMPILER_APPICON_NAME = AppIcon;
				ASSETCATALOG_COMPILER_GLOBAL_ACCENT_COLOR_NAME = AccentColor;
				CODE_SIGN_STYLE = Automatic;
				CURRENT_PROJECT_VERSION = 1;
				DEVELOPMENT_TEAM = 65KV6R2AGS;
				GENERATE_INFOPLIST_FILE = YES;
				INFOPLIST_FILE = ChatBot/Info.plist;
				INFOPLIST_KEY_UIApplicationSupportsIndirectInputEvents = YES;
				INFOPLIST_KEY_UILaunchStoryboardName = LaunchScreen;
				INFOPLIST_KEY_UIMainStoryboardFile = Main;
				INFOPLIST_KEY_UISupportedInterfaceOrientations_iPad = "UIInterfaceOrientationPortrait UIInterfaceOrientationPortraitUpsideDown UIInterfaceOrientationLandscapeLeft UIInterfaceOrientationLandscapeRight";
				INFOPLIST_KEY_UISupportedInterfaceOrientations_iPhone = "UIInterfaceOrientationPortrait UIInterfaceOrientationLandscapeLeft UIInterfaceOrientationLandscapeRight";
				LD_RUNPATH_SEARCH_PATHS = (
					"$(inherited)",
					"@executable_path/Frameworks",
				);
				MARKETING_VERSION = 1.0;
				PRODUCT_BUNDLE_IDENTIFIER = Yeolmok.ChatBot;
				PRODUCT_NAME = "$(TARGET_NAME)";
				SWIFT_EMIT_LOC_STRINGS = YES;
				SWIFT_VERSION = 5.0;
				TARGETED_DEVICE_FAMILY = "1,2";
			};
			name = Debug;
		};
		6B469E9629A70E3F00FDDE4D /* Release */ = {
			isa = XCBuildConfiguration;
			buildSettings = {
				ASSETCATALOG_COMPILER_APPICON_NAME = AppIcon;
				ASSETCATALOG_COMPILER_GLOBAL_ACCENT_COLOR_NAME = AccentColor;
				CODE_SIGN_STYLE = Automatic;
				CURRENT_PROJECT_VERSION = 1;
				DEVELOPMENT_TEAM = 65KV6R2AGS;
				GENERATE_INFOPLIST_FILE = YES;
				INFOPLIST_FILE = ChatBot/Info.plist;
				INFOPLIST_KEY_UIApplicationSupportsIndirectInputEvents = YES;
				INFOPLIST_KEY_UILaunchStoryboardName = LaunchScreen;
				INFOPLIST_KEY_UIMainStoryboardFile = Main;
				INFOPLIST_KEY_UISupportedInterfaceOrientations_iPad = "UIInterfaceOrientationPortrait UIInterfaceOrientationPortraitUpsideDown UIInterfaceOrientationLandscapeLeft UIInterfaceOrientationLandscapeRight";
				INFOPLIST_KEY_UISupportedInterfaceOrientations_iPhone = "UIInterfaceOrientationPortrait UIInterfaceOrientationLandscapeLeft UIInterfaceOrientationLandscapeRight";
				LD_RUNPATH_SEARCH_PATHS = (
					"$(inherited)",
					"@executable_path/Frameworks",
				);
				MARKETING_VERSION = 1.0;
				PRODUCT_BUNDLE_IDENTIFIER = Yeolmok.ChatBot;
				PRODUCT_NAME = "$(TARGET_NAME)";
				SWIFT_EMIT_LOC_STRINGS = YES;
				SWIFT_VERSION = 5.0;
				TARGETED_DEVICE_FAMILY = "1,2";
			};
			name = Release;
		};
		6B469E9829A70E3F00FDDE4D /* Debug */ = {
			isa = XCBuildConfiguration;
			buildSettings = {
				ALWAYS_EMBED_SWIFT_STANDARD_LIBRARIES = YES;
				BUNDLE_LOADER = "$(TEST_HOST)";
				CODE_SIGN_STYLE = Automatic;
				CURRENT_PROJECT_VERSION = 1;
				DEVELOPMENT_TEAM = 65KV6R2AGS;
				GENERATE_INFOPLIST_FILE = YES;
				IPHONEOS_DEPLOYMENT_TARGET = 16.2;
				MARKETING_VERSION = 1.0;
				PRODUCT_BUNDLE_IDENTIFIER = Yeolmok.ChatBotTests;
				PRODUCT_NAME = "$(TARGET_NAME)";
				SWIFT_EMIT_LOC_STRINGS = NO;
				SWIFT_VERSION = 5.0;
				TARGETED_DEVICE_FAMILY = "1,2";
				TEST_HOST = "$(BUILT_PRODUCTS_DIR)/ChatBot.app/$(BUNDLE_EXECUTABLE_FOLDER_PATH)/ChatBot";
			};
			name = Debug;
		};
		6B469E9929A70E3F00FDDE4D /* Release */ = {
			isa = XCBuildConfiguration;
			buildSettings = {
				ALWAYS_EMBED_SWIFT_STANDARD_LIBRARIES = YES;
				BUNDLE_LOADER = "$(TEST_HOST)";
				CODE_SIGN_STYLE = Automatic;
				CURRENT_PROJECT_VERSION = 1;
				DEVELOPMENT_TEAM = 65KV6R2AGS;
				GENERATE_INFOPLIST_FILE = YES;
				IPHONEOS_DEPLOYMENT_TARGET = 16.2;
				MARKETING_VERSION = 1.0;
				PRODUCT_BUNDLE_IDENTIFIER = Yeolmok.ChatBotTests;
				PRODUCT_NAME = "$(TARGET_NAME)";
				SWIFT_EMIT_LOC_STRINGS = NO;
				SWIFT_VERSION = 5.0;
				TARGETED_DEVICE_FAMILY = "1,2";
				TEST_HOST = "$(BUILT_PRODUCTS_DIR)/ChatBot.app/$(BUNDLE_EXECUTABLE_FOLDER_PATH)/ChatBot";
			};
			name = Release;
		};
		6B469E9B29A70E3F00FDDE4D /* Debug */ = {
			isa = XCBuildConfiguration;
			buildSettings = {
				ALWAYS_EMBED_SWIFT_STANDARD_LIBRARIES = YES;
				CODE_SIGN_STYLE = Automatic;
				CURRENT_PROJECT_VERSION = 1;
				DEVELOPMENT_TEAM = 65KV6R2AGS;
				GENERATE_INFOPLIST_FILE = YES;
				MARKETING_VERSION = 1.0;
				PRODUCT_BUNDLE_IDENTIFIER = Yeolmok.ChatBotUITests;
				PRODUCT_NAME = "$(TARGET_NAME)";
				SWIFT_EMIT_LOC_STRINGS = NO;
				SWIFT_VERSION = 5.0;
				TARGETED_DEVICE_FAMILY = "1,2";
				TEST_TARGET_NAME = ChatBot;
			};
			name = Debug;
		};
		6B469E9C29A70E3F00FDDE4D /* Release */ = {
			isa = XCBuildConfiguration;
			buildSettings = {
				ALWAYS_EMBED_SWIFT_STANDARD_LIBRARIES = YES;
				CODE_SIGN_STYLE = Automatic;
				CURRENT_PROJECT_VERSION = 1;
				DEVELOPMENT_TEAM = 65KV6R2AGS;
				GENERATE_INFOPLIST_FILE = YES;
				MARKETING_VERSION = 1.0;
				PRODUCT_BUNDLE_IDENTIFIER = Yeolmok.ChatBotUITests;
				PRODUCT_NAME = "$(TARGET_NAME)";
				SWIFT_EMIT_LOC_STRINGS = NO;
				SWIFT_VERSION = 5.0;
				TARGETED_DEVICE_FAMILY = "1,2";
				TEST_TARGET_NAME = ChatBot;
			};
			name = Release;
		};
/* End XCBuildConfiguration section */

/* Begin XCConfigurationList section */
		6B469E6529A70E3600FDDE4D /* Build configuration list for PBXProject "ChatBot" */ = {
			isa = XCConfigurationList;
			buildConfigurations = (
				6B469E9229A70E3F00FDDE4D /* Debug */,
				6B469E9329A70E3F00FDDE4D /* Release */,
			);
			defaultConfigurationIsVisible = 0;
			defaultConfigurationName = Release;
		};
		6B469E9429A70E3F00FDDE4D /* Build configuration list for PBXNativeTarget "ChatBot" */ = {
			isa = XCConfigurationList;
			buildConfigurations = (
				6B469E9529A70E3F00FDDE4D /* Debug */,
				6B469E9629A70E3F00FDDE4D /* Release */,
			);
			defaultConfigurationIsVisible = 0;
			defaultConfigurationName = Release;
		};
		6B469E9729A70E3F00FDDE4D /* Build configuration list for PBXNativeTarget "ChatBotTests" */ = {
			isa = XCConfigurationList;
			buildConfigurations = (
				6B469E9829A70E3F00FDDE4D /* Debug */,
				6B469E9929A70E3F00FDDE4D /* Release */,
			);
			defaultConfigurationIsVisible = 0;
			defaultConfigurationName = Release;
		};
		6B469E9A29A70E3F00FDDE4D /* Build configuration list for PBXNativeTarget "ChatBotUITests" */ = {
			isa = XCConfigurationList;
			buildConfigurations = (
				6B469E9B29A70E3F00FDDE4D /* Debug */,
				6B469E9C29A70E3F00FDDE4D /* Release */,
			);
			defaultConfigurationIsVisible = 0;
			defaultConfigurationName = Release;
		};
/* End XCConfigurationList section */

/* Begin XCRemoteSwiftPackageReference section */
		6B469E9D29A70F5600FDDE4D /* XCRemoteSwiftPackageReference "OpenAISwift" */ = {
			isa = XCRemoteSwiftPackageReference;
			repositoryURL = "https://github.com/adamrushy/OpenAISwift.git";
			requirement = {
				kind = upToNextMajorVersion;
				minimumVersion = 1.0.0;
			};
		};
/* End XCRemoteSwiftPackageReference section */

/* Begin XCSwiftPackageProductDependency section */
		6B469E9E29A70F5600FDDE4D /* OpenAISwift */ = {
			isa = XCSwiftPackageProductDependency;
			package = 6B469E9D29A70F5600FDDE4D /* XCRemoteSwiftPackageReference "OpenAISwift" */;
			productName = OpenAISwift;
		};
/* End XCSwiftPackageProductDependency section */
	};
	rootObject = 6B469E6229A70E3600FDDE4D /* Project object */;
}
